
Microsoft Visual Studio Solution File, Format Version 12.00
# Visual Studio Version 16
VisualStudioVersion = 16.0.31515.178
MinimumVisualStudioVersion = 10.0.40219.1
Project("{FAE04EC0-301F-11D3-BF4B-00C04F79EFBC}") = "HomeUI", "MeePloit\HomeUI.csproj", "{001B35A0-51B0-4AB6-B697-9AE863BEC77C}"
EndProject
Global
	GlobalSection(SolutionConfigurationPlatforms) = preSolution
		Debug|Any CPU = Debug|Any CPU
		Release|Any CPU = Release|Any CPU
	EndGlobalSection
	GlobalSection(ProjectConfigurationPlatforms) = postSolution
		{001B35A0-51B0-4AB6-B697-9AE863BEC77C}.Debug|Any CPU.ActiveCfg = Debug|Any CPU
		{001B35A0-51B0-4AB6-B697-9AE863BEC77C}.Debug|Any CPU.Build.0 = Debug|Any CPU
		{001B35A0-51B0-4AB6-B697-9AE863BEC77C}.Release|Any CPU.ActiveCfg = Release|Any CPU
		{001B35A0-51B0-4AB6-B697-9AE863BEC77C}.Release|Any CPU.Build.0 = Release|Any CPU
	EndGlobalSection
	GlobalSection(SolutionProperties) = preSolution
		HideSolutionNode = FALSE
	EndGlobalSection
	GlobalSection(ExtensibilityGlobals) = postSolution
		SolutionGuid = {5E251278-E912-4D8E-AB13-D5644FAD5075}
	EndGlobalSection
EndGlobal
